{
  "pins" : [
    {
      "identity" : "swifthamcrest",
      "kind" : "remoteSourceControl",
      "location" : "https://github.com/nschum/SwiftHamcrest",
      "state" : {
        "revision" : "8c679c859fd5e12b83aea68a51045b0a11dfddef",
        "version" : "2.2.4"
      }
    },
    {
      "identity" : "videoiosbroadcastextension",
      "kind" : "remoteSourceControl",
      "location" : "https://github.com/KaleyraVideo/VideoiOSBroadcastExtension",
      "state" : {
        "revision" : "56792db1358b0bf0ad206fd25c98f93063256849",
        "version" : "2.0.0"
      }
    },
    {
      "identity" : "videoiossdk",
      "kind" : "remoteSourceControl",
      "location" : "https://github.com/KaleyraVideo/VideoiOSSDK",
      "state" : {
        "revision" : "cde83194ad2a387085db838bfcb82e0fbabda4fe",
        "version" : "4.0.1"
      }
    }
  ],
  "version" : 2
}
