{
  "pins" : [
    {
      "identity" : "swifthamcrest",
      "kind" : "remoteSourceControl",
      "location" : "https://github.com/nschum/SwiftHamcrest",
      "state" : {
        "revision" : "8c679c859fd5e12b83aea68a51045b0a11dfddef",
        "version" : "2.2.4"
      }
    },
    {
      "identity" : "videoiosbroadcastextension",
      "kind" : "remoteSourceControl",
      "location" : "https://github.com/KaleyraVideo/VideoiOSBroadcastExtension",
      "state" : {
        "revision" : "f1633b96f881edecac9c4062ddd7ec392f400c78",
        "version" : "1.2.0"
      }
    },
    {
      "identity" : "videoiossdk",
      "kind" : "remoteSourceControl",
      "location" : "https://github.com/KaleyraVideo/VideoiOSSDK",
      "state" : {
        "revision" : "38589a800901324be82d6c6b3adfaf6681561c20",
        "version" : "4.0.0"
      }
    }
  ],
  "version" : 2
}
