// !$*UTF8*$!
{
	archiveVersion = 1;
	classes = {
	};
	objectVersion = 55;
	objects = {

/* Begin PBXBuildFile section */
		A90151F9275A27F600FB1020 /* Assets.xcassets in Resources */ = {isa = PBXBuildFile; fileRef = A9014D2F275A1EC600FB1020 /* Assets.xcassets */; };
		A90151FA275A282700FB1020 /* SampleVideo_640x360_10mb.mp4 in Resources */ = {isa = PBXBuildFile; fileRef = A9014D2E275A1EC600FB1020 /* SampleVideo_640x360_10mb.mp4 */; };
		A90151FB275A283000FB1020 /* Main.storyboard in Resources */ = {isa = PBXBuildFile; fileRef = A9014D28275A1EC600FB1020 /* Main.storyboard */; };
		A90151FC275A283000FB1020 /* LaunchScreen.storyboard in Resources */ = {isa = PBXBuildFile; fileRef = A9014D26275A1EC600FB1020 /* LaunchScreen.storyboard */; };
		A90151FD275A284D00FB1020 /* Roboto-Light.ttf in Resources */ = {isa = PBXBuildFile; fileRef = A9014FE7275A1EC800FB1020 /* Roboto-Light.ttf */; };
		A90151FE275A284D00FB1020 /* Roboto-Bold.ttf in Resources */ = {isa = PBXBuildFile; fileRef = A9014FE9275A1EC800FB1020 /* Roboto-Bold.ttf */; };
		A90151FF275A284D00FB1020 /* Roboto-Regular.ttf in Resources */ = {isa = PBXBuildFile; fileRef = A9014FE8275A1EC800FB1020 /* Roboto-Regular.ttf */; };
		A9015200275A284D00FB1020 /* Roboto-Medium.ttf in Resources */ = {isa = PBXBuildFile; fileRef = A9014FE6275A1EC800FB1020 /* Roboto-Medium.ttf */; };
		A9015201275A284D00FB1020 /* Roboto-Thin.ttf in Resources */ = {isa = PBXBuildFile; fileRef = A9014FEA275A1EC800FB1020 /* Roboto-Thin.ttf */; };
/* End PBXBuildFile section */

/* Begin PBXContainerItemProxy section */
		A9014E0C275A1EC700FB1020 /* PBXContainerItemProxy */ = {
			isa = PBXContainerItemProxy;
			containerPortal = A9014E08275A1EC700FB1020 /* CallKit-Voip-Example.xcodeproj */;
			proxyType = 2;
			remoteGlobalIDString = A9B7246A22255FAB00D421D1;
			remoteInfo = "CallKit-Voip-Example";
		};
		A9014FFA275A1EC800FB1020 /* PBXContainerItemProxy */ = {
			isa = PBXContainerItemProxy;
			containerPortal = A9014FD6275A1EC800FB1020 /* UI-Customization-Example.xcodeproj */;
			proxyType = 2;
			remoteGlobalIDString = 2F9A8B17251C9D2B000FAF1E;
			remoteInfo = "UI-Customization-Example";
		};
		A90150EB275A1EC800FB1020 /* PBXContainerItemProxy */ = {
			isa = PBXContainerItemProxy;
			containerPortal = A90150DD275A1EC800FB1020 /* BroadcastExample.xcodeproj */;
			proxyType = 2;
			remoteGlobalIDString = A9D11A1F268A0DCF00C13F49;
			remoteInfo = BroadcastExample;
		};
		A90150ED275A1EC800FB1020 /* PBXContainerItemProxy */ = {
			isa = PBXContainerItemProxy;
			containerPortal = A90150DD275A1EC800FB1020 /* BroadcastExample.xcodeproj */;
			proxyType = 2;
			remoteGlobalIDString = A9D11BF3268A0EDD00C13F49;
			remoteInfo = UploadExtension;
		};
		A90151DC275A1EC800FB1020 /* PBXContainerItemProxy */ = {
			isa = PBXContainerItemProxy;
			containerPortal = A90150F3275A1EC800FB1020 /* ChatExample.xcodeproj */;
			proxyType = 2;
			remoteGlobalIDString = A1126A3B234260B000A3FFBA;
			remoteInfo = ChatExample;
		};
		A9015271275A63BA00FB1020 /* PBXContainerItemProxy */ = {
			isa = PBXContainerItemProxy;
			containerPortal = A9014EEC275A1EC700FB1020 /* Basic-Example.xcodeproj */;
			proxyType = 2;
			remoteGlobalIDString = A901526F275A632700FB1020;
			remoteInfo = "Basic-Example";
		};
/* End PBXContainerItemProxy section */

/* Begin PBXFileReference section */
		A9014D1F275A1EA400FB1020 /* LICENSE */ = {isa = PBXFileReference; lastKnownFileType = text; path = LICENSE; sourceTree = "<group>"; };
		A9014D20275A1EA400FB1020 /* README.md */ = {isa = PBXFileReference; lastKnownFileType = net.daringfireball.markdown; path = README.md; sourceTree = "<group>"; };
		A9014D23275A1EC600FB1020 /* CallOptionsTableViewController.swift */ = {isa = PBXFileReference; lastKnownFileType = sourcecode.swift; path = CallOptionsTableViewController.swift; sourceTree = "<group>"; };
		A9014D24275A1EC600FB1020 /* CallOptionsItem.swift */ = {isa = PBXFileReference; lastKnownFileType = sourcecode.swift; path = CallOptionsItem.swift; sourceTree = "<group>"; };
		A9014D27275A1EC600FB1020 /* Base */ = {isa = PBXFileReference; lastKnownFileType = file.storyboard; name = Base; path = Base.lproj/LaunchScreen.storyboard; sourceTree = "<group>"; };
		A9014D29275A1EC600FB1020 /* Base */ = {isa = PBXFileReference; lastKnownFileType = file.storyboard; name = Base; path = Base.lproj/Main.storyboard; sourceTree = "<group>"; };
		A9014D2A275A1EC600FB1020 /* CallKit-Voip-Example.xcworkspace */ = {isa = PBXFileReference; lastKnownFileType = wrapper.workspace; path = "CallKit-Voip-Example.xcworkspace"; sourceTree = "<group>"; };
		A9014D2C275A1EC600FB1020 /* ContactsViewController.swift */ = {isa = PBXFileReference; lastKnownFileType = sourcecode.swift; path = ContactsViewController.swift; sourceTree = "<group>"; };
		A9014D2E275A1EC600FB1020 /* SampleVideo_640x360_10mb.mp4 */ = {isa = PBXFileReference; lastKnownFileType = file; path = SampleVideo_640x360_10mb.mp4; sourceTree = "<group>"; };
		A9014D2F275A1EC600FB1020 /* Assets.xcassets */ = {isa = PBXFileReference; lastKnownFileType = folder.assetcatalog; path = Assets.xcassets; sourceTree = "<group>"; };
		A9014DFA275A1EC700FB1020 /* CallKit-Voip-Example.entitlements */ = {isa = PBXFileReference; lastKnownFileType = text.plist.entitlements; path = "CallKit-Voip-Example.entitlements"; sourceTree = "<group>"; };
		A9014DFB275A1EC700FB1020 /* README.md */ = {isa = PBXFileReference; lastKnownFileType = net.daringfireball.markdown; path = README.md; sourceTree = "<group>"; };
		A9014DFD275A1EC700FB1020 /* AddressBook.swift */ = {isa = PBXFileReference; lastKnownFileType = sourcecode.swift; path = AddressBook.swift; sourceTree = "<group>"; };
		A9014DFE275A1EC700FB1020 /* Contact.swift */ = {isa = PBXFileReference; lastKnownFileType = sourcecode.swift; path = Contact.swift; sourceTree = "<group>"; };
		A9014DFF275A1EC700FB1020 /* AppDelegate.swift */ = {isa = PBXFileReference; lastKnownFileType = sourcecode.swift; path = AppDelegate.swift; sourceTree = "<group>"; };
		A9014E01275A1EC700FB1020 /* LoginViewController.swift */ = {isa = PBXFileReference; lastKnownFileType = sourcecode.swift; path = LoginViewController.swift; sourceTree = "<group>"; };
		A9014E02275A1EC700FB1020 /* Info.plist */ = {isa = PBXFileReference; lastKnownFileType = text.plist.xml; path = Info.plist; sourceTree = "<group>"; };
		A9014E04275A1EC700FB1020 /* UserRepository.swift */ = {isa = PBXFileReference; lastKnownFileType = sourcecode.swift; path = UserRepository.swift; sourceTree = "<group>"; };
		A9014E05275A1EC700FB1020 /* UserDetailsProvider.swift */ = {isa = PBXFileReference; lastKnownFileType = sourcecode.swift; path = UserDetailsProvider.swift; sourceTree = "<group>"; };
		A9014E06275A1EC700FB1020 /* UserSession.swift */ = {isa = PBXFileReference; lastKnownFileType = sourcecode.swift; path = UserSession.swift; sourceTree = "<group>"; };
		A9014E07275A1EC700FB1020 /* ContactsGenerator.swift */ = {isa = PBXFileReference; lastKnownFileType = sourcecode.swift; path = ContactsGenerator.swift; sourceTree = "<group>"; };
		A9014E08275A1EC700FB1020 /* CallKit-Voip-Example.xcodeproj */ = {isa = PBXFileReference; lastKnownFileType = "wrapper.pb-project"; path = "CallKit-Voip-Example.xcodeproj"; sourceTree = "<group>"; };
		A9014EE6275A1EC700FB1020 /* README.md */ = {isa = PBXFileReference; lastKnownFileType = net.daringfireball.markdown; path = README.md; sourceTree = "<group>"; };
		A9014EE7275A1EC700FB1020 /* Basic-Example.entitlements */ = {isa = PBXFileReference; lastKnownFileType = text.plist.entitlements; path = "Basic-Example.entitlements"; sourceTree = "<group>"; };
		A9014EEB275A1EC700FB1020 /* AppDelegate.swift */ = {isa = PBXFileReference; lastKnownFileType = sourcecode.swift; path = AppDelegate.swift; sourceTree = "<group>"; };
		A9014EEC275A1EC700FB1020 /* Basic-Example.xcodeproj */ = {isa = PBXFileReference; lastKnownFileType = "wrapper.pb-project"; path = "Basic-Example.xcodeproj"; sourceTree = "<group>"; };
		A9014EF1275A1EC700FB1020 /* Info.plist */ = {isa = PBXFileReference; lastKnownFileType = text.plist.xml; path = Info.plist; sourceTree = "<group>"; };
		A9014F06275A1EC700FB1020 /* ContactsViewController.swift */ = {isa = PBXFileReference; lastKnownFileType = sourcecode.swift; path = ContactsViewController.swift; sourceTree = "<group>"; };
		A9014F07275A1EC700FB1020 /* ContactTableViewCell.swift */ = {isa = PBXFileReference; lastKnownFileType = sourcecode.swift; path = ContactTableViewCell.swift; sourceTree = "<group>"; };
		A9014FD6275A1EC800FB1020 /* UI-Customization-Example.xcodeproj */ = {isa = PBXFileReference; lastKnownFileType = "wrapper.pb-project"; path = "UI-Customization-Example.xcodeproj"; sourceTree = "<group>"; };
		A9014FDC275A1EC800FB1020 /* Base */ = {isa = PBXFileReference; lastKnownFileType = file.storyboard; name = Base; path = Base.lproj/Main.storyboard; sourceTree = "<group>"; };
		A9014FDD275A1EC800FB1020 /* README.md */ = {isa = PBXFileReference; lastKnownFileType = net.daringfireball.markdown; path = README.md; sourceTree = "<group>"; };
		A9014FDF275A1EC800FB1020 /* UIColor+Custom.swift */ = {isa = PBXFileReference; lastKnownFileType = sourcecode.swift; path = "UIColor+Custom.swift"; sourceTree = "<group>"; };
		A9014FE0275A1EC800FB1020 /* UIFont+Custom.swift */ = {isa = PBXFileReference; lastKnownFileType = sourcecode.swift; path = "UIFont+Custom.swift"; sourceTree = "<group>"; };
		A9014FE4275A1EC800FB1020 /* AppDelegate.swift */ = {isa = PBXFileReference; lastKnownFileType = sourcecode.swift; path = AppDelegate.swift; sourceTree = "<group>"; };
		A9014FE6275A1EC800FB1020 /* Roboto-Medium.ttf */ = {isa = PBXFileReference; lastKnownFileType = file; path = "Roboto-Medium.ttf"; sourceTree = "<group>"; };
		A9014FE7275A1EC800FB1020 /* Roboto-Light.ttf */ = {isa = PBXFileReference; lastKnownFileType = file; path = "Roboto-Light.ttf"; sourceTree = "<group>"; };
		A9014FE8275A1EC800FB1020 /* Roboto-Regular.ttf */ = {isa = PBXFileReference; lastKnownFileType = file; path = "Roboto-Regular.ttf"; sourceTree = "<group>"; };
		A9014FE9275A1EC800FB1020 /* Roboto-Bold.ttf */ = {isa = PBXFileReference; lastKnownFileType = file; path = "Roboto-Bold.ttf"; sourceTree = "<group>"; };
		A9014FEA275A1EC800FB1020 /* Roboto-Thin.ttf */ = {isa = PBXFileReference; lastKnownFileType = file; path = "Roboto-Thin.ttf"; sourceTree = "<group>"; };
		A9014FEB275A1EC800FB1020 /* UI-Customization-Example.entitlements */ = {isa = PBXFileReference; lastKnownFileType = text.plist.entitlements; path = "UI-Customization-Example.entitlements"; sourceTree = "<group>"; };
		A9014FEE275A1EC800FB1020 /* Info.plist */ = {isa = PBXFileReference; lastKnownFileType = text.plist.xml; path = Info.plist; sourceTree = "<group>"; };
		A9014FF4275A1EC800FB1020 /* HashtagFormatter.swift */ = {isa = PBXFileReference; lastKnownFileType = sourcecode.swift; path = HashtagFormatter.swift; sourceTree = "<group>"; };
		A9014FF5275A1EC800FB1020 /* PercentageFormatter.swift */ = {isa = PBXFileReference; lastKnownFileType = sourcecode.swift; path = PercentageFormatter.swift; sourceTree = "<group>"; };
		A9014FF6275A1EC800FB1020 /* MyFormatter.swift */ = {isa = PBXFileReference; lastKnownFileType = sourcecode.swift; path = MyFormatter.swift; sourceTree = "<group>"; };
		A9015002275A1EC800FB1020 /* Base */ = {isa = PBXFileReference; lastKnownFileType = file.storyboard; name = Base; path = Base.lproj/LaunchScreen.storyboard; sourceTree = "<group>"; };
		A9015004275A1EC800FB1020 /* Base */ = {isa = PBXFileReference; lastKnownFileType = file.storyboard; name = Base; path = Base.lproj/Main.storyboard; sourceTree = "<group>"; };
		A9015006275A1EC800FB1020 /* SampleHandler.swift */ = {isa = PBXFileReference; lastKnownFileType = sourcecode.swift; path = SampleHandler.swift; sourceTree = "<group>"; };
		A9015007275A1EC800FB1020 /* UploadExtension.entitlements */ = {isa = PBXFileReference; lastKnownFileType = text.plist.entitlements; path = UploadExtension.entitlements; sourceTree = "<group>"; };
		A9015008275A1EC800FB1020 /* Info.plist */ = {isa = PBXFileReference; lastKnownFileType = text.plist.xml; path = Info.plist; sourceTree = "<group>"; };
		A9015009275A1EC800FB1020 /* BroadcastExample.entitlements */ = {isa = PBXFileReference; lastKnownFileType = text.plist.entitlements; path = BroadcastExample.entitlements; sourceTree = "<group>"; };
		A90150DD275A1EC800FB1020 /* BroadcastExample.xcodeproj */ = {isa = PBXFileReference; lastKnownFileType = "wrapper.pb-project"; path = BroadcastExample.xcodeproj; sourceTree = "<group>"; };
		A90150E0275A1EC800FB1020 /* AppDelegate.swift */ = {isa = PBXFileReference; lastKnownFileType = sourcecode.swift; path = AppDelegate.swift; sourceTree = "<group>"; };
		A90150E3275A1EC800FB1020 /* Info.plist */ = {isa = PBXFileReference; lastKnownFileType = text.plist.xml; path = Info.plist; sourceTree = "<group>"; };
		A90150F3275A1EC800FB1020 /* ChatExample.xcodeproj */ = {isa = PBXFileReference; lastKnownFileType = "wrapper.pb-project"; path = ChatExample.xcodeproj; sourceTree = "<group>"; };
		A90151C8275A1EC800FB1020 /* Base */ = {isa = PBXFileReference; lastKnownFileType = file.storyboard; name = Base; path = Base.lproj/LaunchScreen.storyboard; sourceTree = "<group>"; };
		A90151CA275A1EC800FB1020 /* Base */ = {isa = PBXFileReference; lastKnownFileType = file.storyboard; name = Base; path = Base.lproj/Main.storyboard; sourceTree = "<group>"; };
		A90151CB275A1EC800FB1020 /* README.md */ = {isa = PBXFileReference; lastKnownFileType = net.daringfireball.markdown; path = README.md; sourceTree = "<group>"; };
		A90151D0275A1EC800FB1020 /* AppDelegate.swift */ = {isa = PBXFileReference; lastKnownFileType = sourcecode.swift; path = AppDelegate.swift; sourceTree = "<group>"; };
		A90151D3275A1EC800FB1020 /* Info.plist */ = {isa = PBXFileReference; lastKnownFileType = text.plist.xml; path = Info.plist; sourceTree = "<group>"; };
		A90151D9275A1EC800FB1020 /* AsteriskFormatter.swift */ = {isa = PBXFileReference; lastKnownFileType = sourcecode.swift; path = AsteriskFormatter.swift; sourceTree = "<group>"; };
		A90151DA275A1EC800FB1020 /* ChatExample.entitlements */ = {isa = PBXFileReference; lastKnownFileType = text.plist.entitlements; path = ChatExample.entitlements; sourceTree = "<group>"; };
		A90151E4275A269000FB1020 /* Basic-Example.app */ = {isa = PBXFileReference; explicitFileType = wrapper.application; includeInIndex = 0; path = "Basic-Example.app"; sourceTree = BUILT_PRODUCTS_DIR; };
		A9015206275A28D700FB1020 /* CallKit-Voip-Example.app */ = {isa = PBXFileReference; explicitFileType = wrapper.application; includeInIndex = 0; path = "CallKit-Voip-Example.app"; sourceTree = BUILT_PRODUCTS_DIR; };
		A901521E275A295000FB1020 /* Chat-Example.app */ = {isa = PBXFileReference; explicitFileType = wrapper.application; includeInIndex = 0; path = "Chat-Example.app"; sourceTree = BUILT_PRODUCTS_DIR; };
/* End PBXFileReference section */

/* Begin PBXFrameworksBuildPhase section */
		A90151E1275A269000FB1020 /* Frameworks */ = {
			isa = PBXFrameworksBuildPhase;
			buildActionMask = 2147483647;
			files = (
			);
			runOnlyForDeploymentPostprocessing = 0;
		};
		A9015203275A28D700FB1020 /* Frameworks */ = {
			isa = PBXFrameworksBuildPhase;
			buildActionMask = 2147483647;
			files = (
			);
			runOnlyForDeploymentPostprocessing = 0;
		};
		A901521B275A295000FB1020 /* Frameworks */ = {
			isa = PBXFrameworksBuildPhase;
			buildActionMask = 2147483647;
			files = (
			);
			runOnlyForDeploymentPostprocessing = 0;
		};
/* End PBXFrameworksBuildPhase section */

/* Begin PBXGroup section */
		A9014D21275A1EC600FB1020 /* CallKit-Voip-Example */ = {
			isa = PBXGroup;
			children = (
				A9014D2A275A1EC600FB1020 /* CallKit-Voip-Example.xcworkspace */,
				A9014DFA275A1EC700FB1020 /* CallKit-Voip-Example.entitlements */,
				A9014DFB275A1EC700FB1020 /* README.md */,
				A9014DFF275A1EC700FB1020 /* AppDelegate.swift */,
				A9014E02275A1EC700FB1020 /* Info.plist */,
				A9014E08275A1EC700FB1020 /* CallKit-Voip-Example.xcodeproj */,
			);
			path = "CallKit-Voip-Example";
			sourceTree = "<group>";
		};
		A9014D22275A1EC600FB1020 /* Call Options */ = {
			isa = PBXGroup;
			children = (
				A9014D23275A1EC600FB1020 /* CallOptionsTableViewController.swift */,
				A9014D24275A1EC600FB1020 /* CallOptionsItem.swift */,
			);
			path = "Call Options";
			sourceTree = "<group>";
		};
		A9014D25275A1EC600FB1020 /* Storyboards */ = {
			isa = PBXGroup;
			children = (
				A9014D26275A1EC600FB1020 /* LaunchScreen.storyboard */,
				A9014D28275A1EC600FB1020 /* Main.storyboard */,
			);
			path = Storyboards;
			sourceTree = "<group>";
		};
		A9014D2B275A1EC600FB1020 /* Contacts */ = {
			isa = PBXGroup;
			children = (
				A9014F07275A1EC700FB1020 /* ContactTableViewCell.swift */,
				A9014D2C275A1EC600FB1020 /* ContactsViewController.swift */,
			);
			path = Contacts;
			sourceTree = "<group>";
		};
		A9014D2D275A1EC600FB1020 /* Resources */ = {
			isa = PBXGroup;
			children = (
				A9014D2F275A1EC600FB1020 /* Assets.xcassets */,
				A9014FE5275A1EC800FB1020 /* Fonts */,
				A9014D2E275A1EC600FB1020 /* SampleVideo_640x360_10mb.mp4 */,
				A9014D25275A1EC600FB1020 /* Storyboards */,
			);
			path = Resources;
			sourceTree = "<group>";
		};
		A9014DFC275A1EC700FB1020 /* Models */ = {
			isa = PBXGroup;
			children = (
				A9014DFD275A1EC700FB1020 /* AddressBook.swift */,
				A9014DFE275A1EC700FB1020 /* Contact.swift */,
			);
			path = Models;
			sourceTree = "<group>";
		};
		A9014E00275A1EC700FB1020 /* Login */ = {
			isa = PBXGroup;
			children = (
				A9014E01275A1EC700FB1020 /* LoginViewController.swift */,
			);
			path = Login;
			sourceTree = "<group>";
		};
		A9014E03275A1EC700FB1020 /* Services */ = {
			isa = PBXGroup;
			children = (
				A9014FF3275A1EC800FB1020 /* Formatters */,
				A9014E04275A1EC700FB1020 /* UserRepository.swift */,
				A9014E05275A1EC700FB1020 /* UserDetailsProvider.swift */,
				A9014E06275A1EC700FB1020 /* UserSession.swift */,
				A9014E07275A1EC700FB1020 /* ContactsGenerator.swift */,
			);
			path = Services;
			sourceTree = "<group>";
		};
		A9014E09275A1EC700FB1020 /* Products */ = {
			isa = PBXGroup;
			children = (
				A9014E0D275A1EC700FB1020 /* CallKit-Voip-Example.app */,
			);
			name = Products;
			sourceTree = "<group>";
		};
		A9014E0E275A1EC700FB1020 /* Basic-Example */ = {
			isa = PBXGroup;
			children = (
				A9014EE6275A1EC700FB1020 /* README.md */,
				A9014EE7275A1EC700FB1020 /* Basic-Example.entitlements */,
				A9014EEB275A1EC700FB1020 /* AppDelegate.swift */,
				A9014EEC275A1EC700FB1020 /* Basic-Example.xcodeproj */,
				A9014EF1275A1EC700FB1020 /* Info.plist */,
			);
			path = "Basic-Example";
			sourceTree = "<group>";
		};
		A9014EED275A1EC700FB1020 /* Products */ = {
			isa = PBXGroup;
			children = (
				A9015272275A63BA00FB1020 /* Basic-Example.app */,
			);
			name = Products;
			sourceTree = "<group>";
		};
		A9014F01275A1EC700FB1020 /* UI-Customization-Example */ = {
			isa = PBXGroup;
			children = (
				A9014F05275A1EC700FB1020 /* Contacts */,
				A9014FD6275A1EC800FB1020 /* UI-Customization-Example.xcodeproj */,
				A9014FDB275A1EC800FB1020 /* Main.storyboard */,
				A9014FDD275A1EC800FB1020 /* README.md */,
				A9014FE4275A1EC800FB1020 /* AppDelegate.swift */,
				A9014FEB275A1EC800FB1020 /* UI-Customization-Example.entitlements */,
				A9014FEE275A1EC800FB1020 /* Info.plist */,
			);
			path = "UI-Customization-Example";
			sourceTree = "<group>";
		};
		A9014F05275A1EC700FB1020 /* Contacts */ = {
			isa = PBXGroup;
			children = (
				A9014F06275A1EC700FB1020 /* ContactsViewController.swift */,
			);
			path = Contacts;
			sourceTree = "<group>";
		};
		A9014FD7275A1EC800FB1020 /* Products */ = {
			isa = PBXGroup;
			children = (
				A9014FFB275A1EC800FB1020 /* UI-Customization-Example.app */,
			);
			name = Products;
			sourceTree = "<group>";
		};
		A9014FDE275A1EC800FB1020 /* Custom Theme */ = {
			isa = PBXGroup;
			children = (
				A9014FDF275A1EC800FB1020 /* UIColor+Custom.swift */,
				A9014FE0275A1EC800FB1020 /* UIFont+Custom.swift */,
			);
			path = "Custom Theme";
			sourceTree = "<group>";
		};
		A9014FE5275A1EC800FB1020 /* Fonts */ = {
			isa = PBXGroup;
			children = (
				A9014FE6275A1EC800FB1020 /* Roboto-Medium.ttf */,
				A9014FE7275A1EC800FB1020 /* Roboto-Light.ttf */,
				A9014FE8275A1EC800FB1020 /* Roboto-Regular.ttf */,
				A9014FE9275A1EC800FB1020 /* Roboto-Bold.ttf */,
				A9014FEA275A1EC800FB1020 /* Roboto-Thin.ttf */,
			);
			path = Fonts;
			sourceTree = "<group>";
		};
		A9014FF3275A1EC800FB1020 /* Formatters */ = {
			isa = PBXGroup;
			children = (
				A90151D9275A1EC800FB1020 /* AsteriskFormatter.swift */,
				A9014FF4275A1EC800FB1020 /* HashtagFormatter.swift */,
				A9014FF5275A1EC800FB1020 /* PercentageFormatter.swift */,
				A9014FF6275A1EC800FB1020 /* MyFormatter.swift */,
			);
			path = Formatters;
			sourceTree = "<group>";
		};
		A9014FFC275A1EC800FB1020 /* BroadcastExample */ = {
			isa = PBXGroup;
			children = (
				A9015000275A1EC800FB1020 /* Storyboards */,
				A9015005275A1EC800FB1020 /* UploadExtension */,
				A9015009275A1EC800FB1020 /* BroadcastExample.entitlements */,
				A90150DD275A1EC800FB1020 /* BroadcastExample.xcodeproj */,
				A90150E0275A1EC800FB1020 /* AppDelegate.swift */,
				A90150E3275A1EC800FB1020 /* Info.plist */,
			);
			path = BroadcastExample;
			sourceTree = "<group>";
		};
		A9015000275A1EC800FB1020 /* Storyboards */ = {
			isa = PBXGroup;
			children = (
				A9015001275A1EC800FB1020 /* LaunchScreen.storyboard */,
				A9015003275A1EC800FB1020 /* Main.storyboard */,
			);
			path = Storyboards;
			sourceTree = "<group>";
		};
		A9015005275A1EC800FB1020 /* UploadExtension */ = {
			isa = PBXGroup;
			children = (
				A9015006275A1EC800FB1020 /* SampleHandler.swift */,
				A9015007275A1EC800FB1020 /* UploadExtension.entitlements */,
				A9015008275A1EC800FB1020 /* Info.plist */,
			);
			path = UploadExtension;
			sourceTree = "<group>";
		};
		A90150DE275A1EC800FB1020 /* Products */ = {
			isa = PBXGroup;
			children = (
				A90150EC275A1EC800FB1020 /* BroadcastExample.app */,
				A90150EE275A1EC800FB1020 /* UploadExtension.appex */,
			);
			name = Products;
			sourceTree = "<group>";
		};
		A90150EF275A1EC800FB1020 /* Chat-Example */ = {
			isa = PBXGroup;
			children = (
				A90150F3275A1EC800FB1020 /* ChatExample.xcodeproj */,
				A90151C7275A1EC800FB1020 /* LaunchScreen.storyboard */,
				A90151C9275A1EC800FB1020 /* Main.storyboard */,
				A90151CB275A1EC800FB1020 /* README.md */,
				A90151D0275A1EC800FB1020 /* AppDelegate.swift */,
				A90151D3275A1EC800FB1020 /* Info.plist */,
				A90151DA275A1EC800FB1020 /* ChatExample.entitlements */,
			);
			path = "Chat-Example";
			sourceTree = "<group>";
		};
		A90150F4275A1EC800FB1020 /* Products */ = {
			isa = PBXGroup;
			children = (
				A90151DD275A1EC800FB1020 /* ChatExample.app */,
			);
			name = Products;
			sourceTree = "<group>";
		};
		A90151DF275A233100FB1020 /* UI */ = {
			isa = PBXGroup;
			children = (
				A9014D22275A1EC600FB1020 /* Call Options */,
				A9014D2B275A1EC600FB1020 /* Contacts */,
				A9014FDE275A1EC800FB1020 /* Custom Theme */,
				A9014E00275A1EC700FB1020 /* Login */,
			);
			path = UI;
			sourceTree = "<group>";
		};
		A90151E5275A269000FB1020 /* Products */ = {
			isa = PBXGroup;
			children = (
				A90151E4275A269000FB1020 /* Basic-Example.app */,
				A9015206275A28D700FB1020 /* CallKit-Voip-Example.app */,
				A901521E275A295000FB1020 /* Chat-Example.app */,
			);
			name = Products;
			sourceTree = "<group>";
		};
		A92525D9275A1DA500048D45 = {
			isa = PBXGroup;
			children = (
				A9014E0E275A1EC700FB1020 /* Basic-Example */,
				A9014FFC275A1EC800FB1020 /* BroadcastExample */,
				A9014D21275A1EC600FB1020 /* CallKit-Voip-Example */,
				A90150EF275A1EC800FB1020 /* Chat-Example */,
				A9014D1F275A1EA400FB1020 /* LICENSE */,
				A9014DFC275A1EC700FB1020 /* Models */,
				A9014D20275A1EA400FB1020 /* README.md */,
				A9014D2D275A1EC600FB1020 /* Resources */,
				A9014E03275A1EC700FB1020 /* Services */,
				A90151DF275A233100FB1020 /* UI */,
				A9014F01275A1EC700FB1020 /* UI-Customization-Example */,
				A90151E5275A269000FB1020 /* Products */,
			);
			sourceTree = "<group>";
		};
/* End PBXGroup section */

/* Begin PBXNativeTarget section */
		A90151E3275A269000FB1020 /* Basic-Example */ = {
			isa = PBXNativeTarget;
			buildConfigurationList = A90151F6275A269100FB1020 /* Build configuration list for PBXNativeTarget "Basic-Example" */;
			buildPhases = (
				A90151E0275A269000FB1020 /* Sources */,
				A90151E1275A269000FB1020 /* Frameworks */,
				A90151E2275A269000FB1020 /* Resources */,
			);
			buildRules = (
			);
			dependencies = (
			);
			name = "Basic-Example";
			productName = "Basic-Example";
			productReference = A90151E4275A269000FB1020 /* Basic-Example.app */;
			productType = "com.apple.product-type.application";
		};
		A9015205275A28D700FB1020 /* CallKit-Voip-Example */ = {
			isa = PBXNativeTarget;
			buildConfigurationList = A9015217275A28D800FB1020 /* Build configuration list for PBXNativeTarget "CallKit-Voip-Example" */;
			buildPhases = (
				A9015202275A28D700FB1020 /* Sources */,
				A9015203275A28D700FB1020 /* Frameworks */,
				A9015204275A28D700FB1020 /* Resources */,
			);
			buildRules = (
			);
			dependencies = (
			);
			name = "CallKit-Voip-Example";
			productName = "CallKit-Voip-Example";
			productReference = A9015206275A28D700FB1020 /* CallKit-Voip-Example.app */;
			productType = "com.apple.product-type.application";
		};
		A901521D275A295000FB1020 /* Chat-Example */ = {
			isa = PBXNativeTarget;
			buildConfigurationList = A901522F275A295100FB1020 /* Build configuration list for PBXNativeTarget "Chat-Example" */;
			buildPhases = (
				A901521A275A295000FB1020 /* Sources */,
				A901521B275A295000FB1020 /* Frameworks */,
				A901521C275A295000FB1020 /* Resources */,
			);
			buildRules = (
			);
			dependencies = (
			);
			name = "Chat-Example";
			productName = "Chat-Example";
			productReference = A901521E275A295000FB1020 /* Chat-Example.app */;
			productType = "com.apple.product-type.application";
		};
/* End PBXNativeTarget section */

/* Begin PBXProject section */
		A92525DA275A1DA500048D45 /* Project object */ = {
			isa = PBXProject;
			attributes = {
				BuildIndependentTargetsInParallel = 1;
				LastSwiftUpdateCheck = 1310;
				LastUpgradeCheck = 1310;
				TargetAttributes = {
					A90151E3275A269000FB1020 = {
						CreatedOnToolsVersion = 13.1;
					};
					A9015205275A28D700FB1020 = {
						CreatedOnToolsVersion = 13.1;
					};
					A901521D275A295000FB1020 = {
						CreatedOnToolsVersion = 13.1;
					};
				};
			};
			buildConfigurationList = A92525DD275A1DA500048D45 /* Build configuration list for PBXProject "KaleyraVideoExamples" */;
			compatibilityVersion = "Xcode 13.0";
			developmentRegion = en;
			hasScannedForEncodings = 0;
			knownRegions = (
				en,
				Base,
			);
			mainGroup = A92525D9275A1DA500048D45;
			productRefGroup = A90151E5275A269000FB1020 /* Products */;
			projectDirPath = "";
			projectReferences = (
				{
					ProductGroup = A9014EED275A1EC700FB1020 /* Products */;
					ProjectRef = A9014EEC275A1EC700FB1020 /* Basic-Example.xcodeproj */;
				},
				{
					ProductGroup = A90150DE275A1EC800FB1020 /* Products */;
					ProjectRef = A90150DD275A1EC800FB1020 /* BroadcastExample.xcodeproj */;
				},
				{
					ProductGroup = A9014E09275A1EC700FB1020 /* Products */;
					ProjectRef = A9014E08275A1EC700FB1020 /* CallKit-Voip-Example.xcodeproj */;
				},
				{
					ProductGroup = A90150F4275A1EC800FB1020 /* Products */;
					ProjectRef = A90150F3275A1EC800FB1020 /* ChatExample.xcodeproj */;
				},
				{
					ProductGroup = A9014FD7275A1EC800FB1020 /* Products */;
					ProjectRef = A9014FD6275A1EC800FB1020 /* UI-Customization-Example.xcodeproj */;
				},
			);
			projectRoot = "";
			targets = (
				A90151E3275A269000FB1020 /* Basic-Example */,
				A9015205275A28D700FB1020 /* CallKit-Voip-Example */,
				A901521D275A295000FB1020 /* Chat-Example */,
			);
		};
/* End PBXProject section */

/* Begin PBXReferenceProxy section */
		A9014E0D275A1EC700FB1020 /* CallKit-Voip-Example.app */ = {
			isa = PBXReferenceProxy;
			fileType = wrapper.application;
			path = "CallKit-Voip-Example.app";
			remoteRef = A9014E0C275A1EC700FB1020 /* PBXContainerItemProxy */;
			sourceTree = BUILT_PRODUCTS_DIR;
		};
		A9014FFB275A1EC800FB1020 /* UI-Customization-Example.app */ = {
			isa = PBXReferenceProxy;
			fileType = wrapper.application;
			path = "UI-Customization-Example.app";
			remoteRef = A9014FFA275A1EC800FB1020 /* PBXContainerItemProxy */;
			sourceTree = BUILT_PRODUCTS_DIR;
		};
		A90150EC275A1EC800FB1020 /* BroadcastExample.app */ = {
			isa = PBXReferenceProxy;
			fileType = wrapper.application;
			path = BroadcastExample.app;
			remoteRef = A90150EB275A1EC800FB1020 /* PBXContainerItemProxy */;
			sourceTree = BUILT_PRODUCTS_DIR;
		};
		A90150EE275A1EC800FB1020 /* UploadExtension.appex */ = {
			isa = PBXReferenceProxy;
			fileType = "wrapper.app-extension";
			path = UploadExtension.appex;
			remoteRef = A90150ED275A1EC800FB1020 /* PBXContainerItemProxy */;
			sourceTree = BUILT_PRODUCTS_DIR;
		};
		A90151DD275A1EC800FB1020 /* ChatExample.app */ = {
			isa = PBXReferenceProxy;
			fileType = wrapper.application;
			path = ChatExample.app;
			remoteRef = A90151DC275A1EC800FB1020 /* PBXContainerItemProxy */;
			sourceTree = BUILT_PRODUCTS_DIR;
		};
		A9015272275A63BA00FB1020 /* Basic-Example.app */ = {
			isa = PBXReferenceProxy;
			fileType = wrapper.application;
			path = "Basic-Example.app";
			remoteRef = A9015271275A63BA00FB1020 /* PBXContainerItemProxy */;
			sourceTree = BUILT_PRODUCTS_DIR;
		};
/* End PBXReferenceProxy section */

/* Begin PBXResourcesBuildPhase section */
		A90151E2275A269000FB1020 /* Resources */ = {
			isa = PBXResourcesBuildPhase;
			buildActionMask = 2147483647;
			files = (
				A9015200275A284D00FB1020 /* Roboto-Medium.ttf in Resources */,
				A90151FB275A283000FB1020 /* Main.storyboard in Resources */,
				A90151FF275A284D00FB1020 /* Roboto-Regular.ttf in Resources */,
				A90151FC275A283000FB1020 /* LaunchScreen.storyboard in Resources */,
				A90151FE275A284D00FB1020 /* Roboto-Bold.ttf in Resources */,
				A90151FD275A284D00FB1020 /* Roboto-Light.ttf in Resources */,
				A90151F9275A27F600FB1020 /* Assets.xcassets in Resources */,
				A90151FA275A282700FB1020 /* SampleVideo_640x360_10mb.mp4 in Resources */,
				A9015201275A284D00FB1020 /* Roboto-Thin.ttf in Resources */,
			);
			runOnlyForDeploymentPostprocessing = 0;
		};
		A9015204275A28D700FB1020 /* Resources */ = {
			isa = PBXResourcesBuildPhase;
			buildActionMask = 2147483647;
			files = (
			);
			runOnlyForDeploymentPostprocessing = 0;
		};
		A901521C275A295000FB1020 /* Resources */ = {
			isa = PBXResourcesBuildPhase;
			buildActionMask = 2147483647;
			files = (
			);
			runOnlyForDeploymentPostprocessing = 0;
		};
/* End PBXResourcesBuildPhase section */

/* Begin PBXSourcesBuildPhase section */
		A90151E0275A269000FB1020 /* Sources */ = {
			isa = PBXSourcesBuildPhase;
			buildActionMask = 2147483647;
			files = (
			);
			runOnlyForDeploymentPostprocessing = 0;
		};
		A9015202275A28D700FB1020 /* Sources */ = {
			isa = PBXSourcesBuildPhase;
			buildActionMask = 2147483647;
			files = (
			);
			runOnlyForDeploymentPostprocessing = 0;
		};
		A901521A275A295000FB1020 /* Sources */ = {
			isa = PBXSourcesBuildPhase;
			buildActionMask = 2147483647;
			files = (
			);
			runOnlyForDeploymentPostprocessing = 0;
		};
/* End PBXSourcesBuildPhase section */

/* Begin PBXVariantGroup section */
		A9014D26275A1EC600FB1020 /* LaunchScreen.storyboard */ = {
			isa = PBXVariantGroup;
			children = (
				A9014D27275A1EC600FB1020 /* Base */,
			);
			name = LaunchScreen.storyboard;
			sourceTree = "<group>";
		};
		A9014D28275A1EC600FB1020 /* Main.storyboard */ = {
			isa = PBXVariantGroup;
			children = (
				A9014D29275A1EC600FB1020 /* Base */,
			);
			name = Main.storyboard;
			sourceTree = "<group>";
		};
		A9014FDB275A1EC800FB1020 /* Main.storyboard */ = {
			isa = PBXVariantGroup;
			children = (
				A9014FDC275A1EC800FB1020 /* Base */,
			);
			name = Main.storyboard;
			sourceTree = "<group>";
		};
		A9015001275A1EC800FB1020 /* LaunchScreen.storyboard */ = {
			isa = PBXVariantGroup;
			children = (
				A9015002275A1EC800FB1020 /* Base */,
			);
			name = LaunchScreen.storyboard;
			sourceTree = "<group>";
		};
		A9015003275A1EC800FB1020 /* Main.storyboard */ = {
			isa = PBXVariantGroup;
			children = (
				A9015004275A1EC800FB1020 /* Base */,
			);
			name = Main.storyboard;
			sourceTree = "<group>";
		};
		A90151C7275A1EC800FB1020 /* LaunchScreen.storyboard */ = {
			isa = PBXVariantGroup;
			children = (
				A90151C8275A1EC800FB1020 /* Base */,
			);
			name = LaunchScreen.storyboard;
			sourceTree = "<group>";
		};
		A90151C9275A1EC800FB1020 /* Main.storyboard */ = {
			isa = PBXVariantGroup;
			children = (
				A90151CA275A1EC800FB1020 /* Base */,
			);
			name = Main.storyboard;
			sourceTree = "<group>";
		};
/* End PBXVariantGroup section */

/* Begin XCBuildConfiguration section */
		A90151F7275A269100FB1020 /* Debug */ = {
			isa = XCBuildConfiguration;
			buildSettings = {
				ALWAYS_SEARCH_USER_PATHS = NO;
				ASSETCATALOG_COMPILER_APPICON_NAME = AppIcon;
				ASSETCATALOG_COMPILER_GLOBAL_ACCENT_COLOR_NAME = AccentColor;
				CLANG_ANALYZER_NONNULL = YES;
				CLANG_ANALYZER_NUMBER_OBJECT_CONVERSION = YES_AGGRESSIVE;
				CLANG_CXX_LANGUAGE_STANDARD = "gnu++17";
				CLANG_CXX_LIBRARY = "libc++";
				CLANG_ENABLE_MODULES = YES;
				CLANG_ENABLE_OBJC_ARC = YES;
				CLANG_ENABLE_OBJC_WEAK = YES;
				CLANG_WARN_BLOCK_CAPTURE_AUTORELEASING = YES;
				CLANG_WARN_BOOL_CONVERSION = YES;
				CLANG_WARN_COMMA = YES;
				CLANG_WARN_CONSTANT_CONVERSION = YES;
				CLANG_WARN_DEPRECATED_OBJC_IMPLEMENTATIONS = YES;
				CLANG_WARN_DIRECT_OBJC_ISA_USAGE = YES_ERROR;
				CLANG_WARN_DOCUMENTATION_COMMENTS = YES;
				CLANG_WARN_EMPTY_BODY = YES;
				CLANG_WARN_ENUM_CONVERSION = YES;
				CLANG_WARN_INFINITE_RECURSION = YES;
				CLANG_WARN_INT_CONVERSION = YES;
				CLANG_WARN_NON_LITERAL_NULL_CONVERSION = YES;
				CLANG_WARN_OBJC_IMPLICIT_RETAIN_SELF = YES;
				CLANG_WARN_OBJC_LITERAL_CONVERSION = YES;
				CLANG_WARN_OBJC_ROOT_CLASS = YES_ERROR;
				CLANG_WARN_QUOTED_INCLUDE_IN_FRAMEWORK_HEADER = YES;
				CLANG_WARN_RANGE_LOOP_ANALYSIS = YES;
				CLANG_WARN_STRICT_PROTOTYPES = YES;
				CLANG_WARN_SUSPICIOUS_MOVE = YES;
				CLANG_WARN_UNGUARDED_AVAILABILITY = YES_AGGRESSIVE;
				CLANG_WARN_UNREACHABLE_CODE = YES;
				CLANG_WARN__DUPLICATE_METHOD_MATCH = YES;
				CODE_SIGN_STYLE = Automatic;
				COPY_PHASE_STRIP = NO;
				CURRENT_PROJECT_VERSION = 1;
				DEBUG_INFORMATION_FORMAT = dwarf;
				ENABLE_STRICT_OBJC_MSGSEND = YES;
				ENABLE_TESTABILITY = YES;
				GCC_C_LANGUAGE_STANDARD = gnu11;
				GCC_DYNAMIC_NO_PIC = NO;
				GCC_NO_COMMON_BLOCKS = YES;
				GCC_OPTIMIZATION_LEVEL = 0;
				GCC_PREPROCESSOR_DEFINITIONS = (
					"DEBUG=1",
					"$(inherited)",
				);
				GCC_WARN_64_TO_32_BIT_CONVERSION = YES;
				GCC_WARN_ABOUT_RETURN_TYPE = YES_ERROR;
				GCC_WARN_UNDECLARED_SELECTOR = YES;
				GCC_WARN_UNINITIALIZED_AUTOS = YES_AGGRESSIVE;
				GCC_WARN_UNUSED_FUNCTION = YES;
				GCC_WARN_UNUSED_VARIABLE = YES;
				GENERATE_INFOPLIST_FILE = YES;
				INFOPLIST_FILE = "Basic-Example/Info.plist";
				INFOPLIST_KEY_UIApplicationSupportsIndirectInputEvents = YES;
				INFOPLIST_KEY_UILaunchStoryboardName = LaunchScreen;
				INFOPLIST_KEY_UIMainStoryboardFile = Main;
				INFOPLIST_KEY_UISupportedInterfaceOrientations_iPad = "UIInterfaceOrientationPortrait UIInterfaceOrientationPortraitUpsideDown UIInterfaceOrientationLandscapeLeft UIInterfaceOrientationLandscapeRight";
				INFOPLIST_KEY_UISupportedInterfaceOrientations_iPhone = "UIInterfaceOrientationPortrait UIInterfaceOrientationLandscapeLeft UIInterfaceOrientationLandscapeRight";
				IPHONEOS_DEPLOYMENT_TARGET = 10.0;
				LD_RUNPATH_SEARCH_PATHS = (
					"$(inherited)",
					"@executable_path/Frameworks",
				);
				MARKETING_VERSION = 1.0;
				MTL_ENABLE_DEBUG_INFO = INCLUDE_SOURCE;
				MTL_FAST_MATH = YES;
				ONLY_ACTIVE_ARCH = YES;
				PRODUCT_BUNDLE_IDENTIFIER = "com.acme.Basic-Example";
				PRODUCT_NAME = "$(TARGET_NAME)";
				SDKROOT = iphoneos;
				SWIFT_ACTIVE_COMPILATION_CONDITIONS = DEBUG;
				SWIFT_EMIT_LOC_STRINGS = YES;
				SWIFT_OPTIMIZATION_LEVEL = "-Onone";
				SWIFT_VERSION = 5.0;
				TARGETED_DEVICE_FAMILY = "1,2";
			};
			name = Debug;
		};
		A90151F8275A269100FB1020 /* Release */ = {
			isa = XCBuildConfiguration;
			buildSettings = {
				ALWAYS_SEARCH_USER_PATHS = NO;
				ASSETCATALOG_COMPILER_APPICON_NAME = AppIcon;
				ASSETCATALOG_COMPILER_GLOBAL_ACCENT_COLOR_NAME = AccentColor;
				CLANG_ANALYZER_NONNULL = YES;
				CLANG_ANALYZER_NUMBER_OBJECT_CONVERSION = YES_AGGRESSIVE;
				CLANG_CXX_LANGUAGE_STANDARD = "gnu++17";
				CLANG_CXX_LIBRARY = "libc++";
				CLANG_ENABLE_MODULES = YES;
				CLANG_ENABLE_OBJC_ARC = YES;
				CLANG_ENABLE_OBJC_WEAK = YES;
				CLANG_WARN_BLOCK_CAPTURE_AUTORELEASING = YES;
				CLANG_WARN_BOOL_CONVERSION = YES;
				CLANG_WARN_COMMA = YES;
				CLANG_WARN_CONSTANT_CONVERSION = YES;
				CLANG_WARN_DEPRECATED_OBJC_IMPLEMENTATIONS = YES;
				CLANG_WARN_DIRECT_OBJC_ISA_USAGE = YES_ERROR;
				CLANG_WARN_DOCUMENTATION_COMMENTS = YES;
				CLANG_WARN_EMPTY_BODY = YES;
				CLANG_WARN_ENUM_CONVERSION = YES;
				CLANG_WARN_INFINITE_RECURSION = YES;
				CLANG_WARN_INT_CONVERSION = YES;
				CLANG_WARN_NON_LITERAL_NULL_CONVERSION = YES;
				CLANG_WARN_OBJC_IMPLICIT_RETAIN_SELF = YES;
				CLANG_WARN_OBJC_LITERAL_CONVERSION = YES;
				CLANG_WARN_OBJC_ROOT_CLASS = YES_ERROR;
				CLANG_WARN_QUOTED_INCLUDE_IN_FRAMEWORK_HEADER = YES;
				CLANG_WARN_RANGE_LOOP_ANALYSIS = YES;
				CLANG_WARN_STRICT_PROTOTYPES = YES;
				CLANG_WARN_SUSPICIOUS_MOVE = YES;
				CLANG_WARN_UNGUARDED_AVAILABILITY = YES_AGGRESSIVE;
				CLANG_WARN_UNREACHABLE_CODE = YES;
				CLANG_WARN__DUPLICATE_METHOD_MATCH = YES;
				CODE_SIGN_STYLE = Automatic;
				COPY_PHASE_STRIP = NO;
				CURRENT_PROJECT_VERSION = 1;
				DEBUG_INFORMATION_FORMAT = "dwarf-with-dsym";
				ENABLE_NS_ASSERTIONS = NO;
				ENABLE_STRICT_OBJC_MSGSEND = YES;
				GCC_C_LANGUAGE_STANDARD = gnu11;
				GCC_NO_COMMON_BLOCKS = YES;
				GCC_WARN_64_TO_32_BIT_CONVERSION = YES;
				GCC_WARN_ABOUT_RETURN_TYPE = YES_ERROR;
				GCC_WARN_UNDECLARED_SELECTOR = YES;
				GCC_WARN_UNINITIALIZED_AUTOS = YES_AGGRESSIVE;
				GCC_WARN_UNUSED_FUNCTION = YES;
				GCC_WARN_UNUSED_VARIABLE = YES;
				GENERATE_INFOPLIST_FILE = YES;
				INFOPLIST_FILE = "Basic-Example/Info.plist";
				INFOPLIST_KEY_UIApplicationSupportsIndirectInputEvents = YES;
				INFOPLIST_KEY_UILaunchStoryboardName = LaunchScreen;
				INFOPLIST_KEY_UIMainStoryboardFile = Main;
				INFOPLIST_KEY_UISupportedInterfaceOrientations_iPad = "UIInterfaceOrientationPortrait UIInterfaceOrientationPortraitUpsideDown UIInterfaceOrientationLandscapeLeft UIInterfaceOrientationLandscapeRight";
				INFOPLIST_KEY_UISupportedInterfaceOrientations_iPhone = "UIInterfaceOrientationPortrait UIInterfaceOrientationLandscapeLeft UIInterfaceOrientationLandscapeRight";
				IPHONEOS_DEPLOYMENT_TARGET = 10.0;
				LD_RUNPATH_SEARCH_PATHS = (
					"$(inherited)",
					"@executable_path/Frameworks",
				);
				MARKETING_VERSION = 1.0;
				MTL_ENABLE_DEBUG_INFO = NO;
				MTL_FAST_MATH = YES;
				PRODUCT_BUNDLE_IDENTIFIER = "com.acme.Basic-Example";
				PRODUCT_NAME = "$(TARGET_NAME)";
				SDKROOT = iphoneos;
				SWIFT_COMPILATION_MODE = wholemodule;
				SWIFT_EMIT_LOC_STRINGS = YES;
				SWIFT_OPTIMIZATION_LEVEL = "-O";
				SWIFT_VERSION = 5.0;
				TARGETED_DEVICE_FAMILY = "1,2";
				VALIDATE_PRODUCT = YES;
			};
			name = Release;
		};
		A9015218275A28D800FB1020 /* Debug */ = {
			isa = XCBuildConfiguration;
			buildSettings = {
				ALWAYS_SEARCH_USER_PATHS = NO;
				ASSETCATALOG_COMPILER_APPICON_NAME = AppIcon;
				ASSETCATALOG_COMPILER_GLOBAL_ACCENT_COLOR_NAME = AccentColor;
				CLANG_ANALYZER_NONNULL = YES;
				CLANG_ANALYZER_NUMBER_OBJECT_CONVERSION = YES_AGGRESSIVE;
				CLANG_CXX_LANGUAGE_STANDARD = "gnu++17";
				CLANG_CXX_LIBRARY = "libc++";
				CLANG_ENABLE_MODULES = YES;
				CLANG_ENABLE_OBJC_ARC = YES;
				CLANG_ENABLE_OBJC_WEAK = YES;
				CLANG_WARN_BLOCK_CAPTURE_AUTORELEASING = YES;
				CLANG_WARN_BOOL_CONVERSION = YES;
				CLANG_WARN_COMMA = YES;
				CLANG_WARN_CONSTANT_CONVERSION = YES;
				CLANG_WARN_DEPRECATED_OBJC_IMPLEMENTATIONS = YES;
				CLANG_WARN_DIRECT_OBJC_ISA_USAGE = YES_ERROR;
				CLANG_WARN_DOCUMENTATION_COMMENTS = YES;
				CLANG_WARN_EMPTY_BODY = YES;
				CLANG_WARN_ENUM_CONVERSION = YES;
				CLANG_WARN_INFINITE_RECURSION = YES;
				CLANG_WARN_INT_CONVERSION = YES;
				CLANG_WARN_NON_LITERAL_NULL_CONVERSION = YES;
				CLANG_WARN_OBJC_IMPLICIT_RETAIN_SELF = YES;
				CLANG_WARN_OBJC_LITERAL_CONVERSION = YES;
				CLANG_WARN_OBJC_ROOT_CLASS = YES_ERROR;
				CLANG_WARN_QUOTED_INCLUDE_IN_FRAMEWORK_HEADER = YES;
				CLANG_WARN_RANGE_LOOP_ANALYSIS = YES;
				CLANG_WARN_STRICT_PROTOTYPES = YES;
				CLANG_WARN_SUSPICIOUS_MOVE = YES;
				CLANG_WARN_UNGUARDED_AVAILABILITY = YES_AGGRESSIVE;
				CLANG_WARN_UNREACHABLE_CODE = YES;
				CLANG_WARN__DUPLICATE_METHOD_MATCH = YES;
				CODE_SIGN_STYLE = Automatic;
				COPY_PHASE_STRIP = NO;
				CURRENT_PROJECT_VERSION = 1;
				DEBUG_INFORMATION_FORMAT = dwarf;
				ENABLE_STRICT_OBJC_MSGSEND = YES;
				ENABLE_TESTABILITY = YES;
				GCC_C_LANGUAGE_STANDARD = gnu11;
				GCC_DYNAMIC_NO_PIC = NO;
				GCC_NO_COMMON_BLOCKS = YES;
				GCC_OPTIMIZATION_LEVEL = 0;
				GCC_PREPROCESSOR_DEFINITIONS = (
					"DEBUG=1",
					"$(inherited)",
				);
				GCC_WARN_64_TO_32_BIT_CONVERSION = YES;
				GCC_WARN_ABOUT_RETURN_TYPE = YES_ERROR;
				GCC_WARN_UNDECLARED_SELECTOR = YES;
				GCC_WARN_UNINITIALIZED_AUTOS = YES_AGGRESSIVE;
				GCC_WARN_UNUSED_FUNCTION = YES;
				GCC_WARN_UNUSED_VARIABLE = YES;
				GENERATE_INFOPLIST_FILE = YES;
				INFOPLIST_FILE = "CallKit-Voip-Example/Info.plist";
				INFOPLIST_KEY_UIApplicationSupportsIndirectInputEvents = YES;
				INFOPLIST_KEY_UILaunchStoryboardName = LaunchScreen;
				INFOPLIST_KEY_UIMainStoryboardFile = Main;
				INFOPLIST_KEY_UISupportedInterfaceOrientations_iPad = "UIInterfaceOrientationPortrait UIInterfaceOrientationPortraitUpsideDown UIInterfaceOrientationLandscapeLeft UIInterfaceOrientationLandscapeRight";
				INFOPLIST_KEY_UISupportedInterfaceOrientations_iPhone = "UIInterfaceOrientationPortrait UIInterfaceOrientationLandscapeLeft UIInterfaceOrientationLandscapeRight";
				IPHONEOS_DEPLOYMENT_TARGET = 15.0;
				LD_RUNPATH_SEARCH_PATHS = (
					"$(inherited)",
					"@executable_path/Frameworks",
				);
				MARKETING_VERSION = 1.0;
				MTL_ENABLE_DEBUG_INFO = INCLUDE_SOURCE;
				MTL_FAST_MATH = YES;
				ONLY_ACTIVE_ARCH = YES;
				PRODUCT_BUNDLE_IDENTIFIER = "com.acme.CallKit-Voip-Example";
				PRODUCT_NAME = "$(TARGET_NAME)";
				SDKROOT = iphoneos;
				SWIFT_ACTIVE_COMPILATION_CONDITIONS = DEBUG;
				SWIFT_EMIT_LOC_STRINGS = YES;
				SWIFT_OPTIMIZATION_LEVEL = "-Onone";
				SWIFT_VERSION = 5.0;
				TARGETED_DEVICE_FAMILY = "1,2";
			};
			name = Debug;
		};
		A9015219275A28D800FB1020 /* Release */ = {
			isa = XCBuildConfiguration;
			buildSettings = {
				ALWAYS_SEARCH_USER_PATHS = NO;
				ASSETCATALOG_COMPILER_APPICON_NAME = AppIcon;
				ASSETCATALOG_COMPILER_GLOBAL_ACCENT_COLOR_NAME = AccentColor;
				CLANG_ANALYZER_NONNULL = YES;
				CLANG_ANALYZER_NUMBER_OBJECT_CONVERSION = YES_AGGRESSIVE;
				CLANG_CXX_LANGUAGE_STANDARD = "gnu++17";
				CLANG_CXX_LIBRARY = "libc++";
				CLANG_ENABLE_MODULES = YES;
				CLANG_ENABLE_OBJC_ARC = YES;
				CLANG_ENABLE_OBJC_WEAK = YES;
				CLANG_WARN_BLOCK_CAPTURE_AUTORELEASING = YES;
				CLANG_WARN_BOOL_CONVERSION = YES;
				CLANG_WARN_COMMA = YES;
				CLANG_WARN_CONSTANT_CONVERSION = YES;
				CLANG_WARN_DEPRECATED_OBJC_IMPLEMENTATIONS = YES;
				CLANG_WARN_DIRECT_OBJC_ISA_USAGE = YES_ERROR;
				CLANG_WARN_DOCUMENTATION_COMMENTS = YES;
				CLANG_WARN_EMPTY_BODY = YES;
				CLANG_WARN_ENUM_CONVERSION = YES;
				CLANG_WARN_INFINITE_RECURSION = YES;
				CLANG_WARN_INT_CONVERSION = YES;
				CLANG_WARN_NON_LITERAL_NULL_CONVERSION = YES;
				CLANG_WARN_OBJC_IMPLICIT_RETAIN_SELF = YES;
				CLANG_WARN_OBJC_LITERAL_CONVERSION = YES;
				CLANG_WARN_OBJC_ROOT_CLASS = YES_ERROR;
				CLANG_WARN_QUOTED_INCLUDE_IN_FRAMEWORK_HEADER = YES;
				CLANG_WARN_RANGE_LOOP_ANALYSIS = YES;
				CLANG_WARN_STRICT_PROTOTYPES = YES;
				CLANG_WARN_SUSPICIOUS_MOVE = YES;
				CLANG_WARN_UNGUARDED_AVAILABILITY = YES_AGGRESSIVE;
				CLANG_WARN_UNREACHABLE_CODE = YES;
				CLANG_WARN__DUPLICATE_METHOD_MATCH = YES;
				CODE_SIGN_STYLE = Automatic;
				COPY_PHASE_STRIP = NO;
				CURRENT_PROJECT_VERSION = 1;
				DEBUG_INFORMATION_FORMAT = "dwarf-with-dsym";
				ENABLE_NS_ASSERTIONS = NO;
				ENABLE_STRICT_OBJC_MSGSEND = YES;
				GCC_C_LANGUAGE_STANDARD = gnu11;
				GCC_NO_COMMON_BLOCKS = YES;
				GCC_WARN_64_TO_32_BIT_CONVERSION = YES;
				GCC_WARN_ABOUT_RETURN_TYPE = YES_ERROR;
				GCC_WARN_UNDECLARED_SELECTOR = YES;
				GCC_WARN_UNINITIALIZED_AUTOS = YES_AGGRESSIVE;
				GCC_WARN_UNUSED_FUNCTION = YES;
				GCC_WARN_UNUSED_VARIABLE = YES;
				GENERATE_INFOPLIST_FILE = YES;
				INFOPLIST_FILE = "CallKit-Voip-Example/Info.plist";
				INFOPLIST_KEY_UIApplicationSupportsIndirectInputEvents = YES;
				INFOPLIST_KEY_UILaunchStoryboardName = LaunchScreen;
				INFOPLIST_KEY_UIMainStoryboardFile = Main;
				INFOPLIST_KEY_UISupportedInterfaceOrientations_iPad = "UIInterfaceOrientationPortrait UIInterfaceOrientationPortraitUpsideDown UIInterfaceOrientationLandscapeLeft UIInterfaceOrientationLandscapeRight";
				INFOPLIST_KEY_UISupportedInterfaceOrientations_iPhone = "UIInterfaceOrientationPortrait UIInterfaceOrientationLandscapeLeft UIInterfaceOrientationLandscapeRight";
				IPHONEOS_DEPLOYMENT_TARGET = 15.0;
				LD_RUNPATH_SEARCH_PATHS = (
					"$(inherited)",
					"@executable_path/Frameworks",
				);
				MARKETING_VERSION = 1.0;
				MTL_ENABLE_DEBUG_INFO = NO;
				MTL_FAST_MATH = YES;
				PRODUCT_BUNDLE_IDENTIFIER = "com.acme.CallKit-Voip-Example";
				PRODUCT_NAME = "$(TARGET_NAME)";
				SDKROOT = iphoneos;
				SWIFT_COMPILATION_MODE = wholemodule;
				SWIFT_EMIT_LOC_STRINGS = YES;
				SWIFT_OPTIMIZATION_LEVEL = "-O";
				SWIFT_VERSION = 5.0;
				TARGETED_DEVICE_FAMILY = "1,2";
				VALIDATE_PRODUCT = YES;
			};
			name = Release;
		};
		A9015230275A295100FB1020 /* Debug */ = {
			isa = XCBuildConfiguration;
			buildSettings = {
				ALWAYS_SEARCH_USER_PATHS = NO;
				ASSETCATALOG_COMPILER_APPICON_NAME = AppIcon;
				ASSETCATALOG_COMPILER_GLOBAL_ACCENT_COLOR_NAME = AccentColor;
				CLANG_ANALYZER_NONNULL = YES;
				CLANG_ANALYZER_NUMBER_OBJECT_CONVERSION = YES_AGGRESSIVE;
				CLANG_CXX_LANGUAGE_STANDARD = "gnu++17";
				CLANG_CXX_LIBRARY = "libc++";
				CLANG_ENABLE_MODULES = YES;
				CLANG_ENABLE_OBJC_ARC = YES;
				CLANG_ENABLE_OBJC_WEAK = YES;
				CLANG_WARN_BLOCK_CAPTURE_AUTORELEASING = YES;
				CLANG_WARN_BOOL_CONVERSION = YES;
				CLANG_WARN_COMMA = YES;
				CLANG_WARN_CONSTANT_CONVERSION = YES;
				CLANG_WARN_DEPRECATED_OBJC_IMPLEMENTATIONS = YES;
				CLANG_WARN_DIRECT_OBJC_ISA_USAGE = YES_ERROR;
				CLANG_WARN_DOCUMENTATION_COMMENTS = YES;
				CLANG_WARN_EMPTY_BODY = YES;
				CLANG_WARN_ENUM_CONVERSION = YES;
				CLANG_WARN_INFINITE_RECURSION = YES;
				CLANG_WARN_INT_CONVERSION = YES;
				CLANG_WARN_NON_LITERAL_NULL_CONVERSION = YES;
				CLANG_WARN_OBJC_IMPLICIT_RETAIN_SELF = YES;
				CLANG_WARN_OBJC_LITERAL_CONVERSION = YES;
				CLANG_WARN_OBJC_ROOT_CLASS = YES_ERROR;
				CLANG_WARN_QUOTED_INCLUDE_IN_FRAMEWORK_HEADER = YES;
				CLANG_WARN_RANGE_LOOP_ANALYSIS = YES;
				CLANG_WARN_STRICT_PROTOTYPES = YES;
				CLANG_WARN_SUSPICIOUS_MOVE = YES;
				CLANG_WARN_UNGUARDED_AVAILABILITY = YES_AGGRESSIVE;
				CLANG_WARN_UNREACHABLE_CODE = YES;
				CLANG_WARN__DUPLICATE_METHOD_MATCH = YES;
				CODE_SIGN_STYLE = Automatic;
				COPY_PHASE_STRIP = NO;
				CURRENT_PROJECT_VERSION = 1;
				DEBUG_INFORMATION_FORMAT = dwarf;
				ENABLE_STRICT_OBJC_MSGSEND = YES;
				ENABLE_TESTABILITY = YES;
				GCC_C_LANGUAGE_STANDARD = gnu11;
				GCC_DYNAMIC_NO_PIC = NO;
				GCC_NO_COMMON_BLOCKS = YES;
				GCC_OPTIMIZATION_LEVEL = 0;
				GCC_PREPROCESSOR_DEFINITIONS = (
					"DEBUG=1",
					"$(inherited)",
				);
				GCC_WARN_64_TO_32_BIT_CONVERSION = YES;
				GCC_WARN_ABOUT_RETURN_TYPE = YES_ERROR;
				GCC_WARN_UNDECLARED_SELECTOR = YES;
				GCC_WARN_UNINITIALIZED_AUTOS = YES_AGGRESSIVE;
				GCC_WARN_UNUSED_FUNCTION = YES;
				GCC_WARN_UNUSED_VARIABLE = YES;
				GENERATE_INFOPLIST_FILE = YES;
				INFOPLIST_FILE = "Chat-Example/Info.plist";
				INFOPLIST_KEY_UIApplicationSupportsIndirectInputEvents = YES;
				INFOPLIST_KEY_UILaunchStoryboardName = LaunchScreen;
				INFOPLIST_KEY_UIMainStoryboardFile = Main;
				INFOPLIST_KEY_UISupportedInterfaceOrientations_iPad = "UIInterfaceOrientationPortrait UIInterfaceOrientationPortraitUpsideDown UIInterfaceOrientationLandscapeLeft UIInterfaceOrientationLandscapeRight";
				INFOPLIST_KEY_UISupportedInterfaceOrientations_iPhone = "UIInterfaceOrientationPortrait UIInterfaceOrientationLandscapeLeft UIInterfaceOrientationLandscapeRight";
				IPHONEOS_DEPLOYMENT_TARGET = 15.0;
				LD_RUNPATH_SEARCH_PATHS = (
					"$(inherited)",
					"@executable_path/Frameworks",
				);
				MARKETING_VERSION = 1.0;
				MTL_ENABLE_DEBUG_INFO = INCLUDE_SOURCE;
				MTL_FAST_MATH = YES;
				ONLY_ACTIVE_ARCH = YES;
				PRODUCT_BUNDLE_IDENTIFIER = "com.acme.Chat-Example";
				PRODUCT_NAME = "$(TARGET_NAME)";
				SDKROOT = iphoneos;
				SWIFT_ACTIVE_COMPILATION_CONDITIONS = DEBUG;
				SWIFT_EMIT_LOC_STRINGS = YES;
				SWIFT_OPTIMIZATION_LEVEL = "-Onone";
				SWIFT_VERSION = 5.0;
				TARGETED_DEVICE_FAMILY = "1,2";
			};
			name = Debug;
		};
		A9015231275A295100FB1020 /* Release */ = {
			isa = XCBuildConfiguration;
			buildSettings = {
				ALWAYS_SEARCH_USER_PATHS = NO;
				ASSETCATALOG_COMPILER_APPICON_NAME = AppIcon;
				ASSETCATALOG_COMPILER_GLOBAL_ACCENT_COLOR_NAME = AccentColor;
				CLANG_ANALYZER_NONNULL = YES;
				CLANG_ANALYZER_NUMBER_OBJECT_CONVERSION = YES_AGGRESSIVE;
				CLANG_CXX_LANGUAGE_STANDARD = "gnu++17";
				CLANG_CXX_LIBRARY = "libc++";
				CLANG_ENABLE_MODULES = YES;
				CLANG_ENABLE_OBJC_ARC = YES;
				CLANG_ENABLE_OBJC_WEAK = YES;
				CLANG_WARN_BLOCK_CAPTURE_AUTORELEASING = YES;
				CLANG_WARN_BOOL_CONVERSION = YES;
				CLANG_WARN_COMMA = YES;
				CLANG_WARN_CONSTANT_CONVERSION = YES;
				CLANG_WARN_DEPRECATED_OBJC_IMPLEMENTATIONS = YES;
				CLANG_WARN_DIRECT_OBJC_ISA_USAGE = YES_ERROR;
				CLANG_WARN_DOCUMENTATION_COMMENTS = YES;
				CLANG_WARN_EMPTY_BODY = YES;
				CLANG_WARN_ENUM_CONVERSION = YES;
				CLANG_WARN_INFINITE_RECURSION = YES;
				CLANG_WARN_INT_CONVERSION = YES;
				CLANG_WARN_NON_LITERAL_NULL_CONVERSION = YES;
				CLANG_WARN_OBJC_IMPLICIT_RETAIN_SELF = YES;
				CLANG_WARN_OBJC_LITERAL_CONVERSION = YES;
				CLANG_WARN_OBJC_ROOT_CLASS = YES_ERROR;
				CLANG_WARN_QUOTED_INCLUDE_IN_FRAMEWORK_HEADER = YES;
				CLANG_WARN_RANGE_LOOP_ANALYSIS = YES;
				CLANG_WARN_STRICT_PROTOTYPES = YES;
				CLANG_WARN_SUSPICIOUS_MOVE = YES;
				CLANG_WARN_UNGUARDED_AVAILABILITY = YES_AGGRESSIVE;
				CLANG_WARN_UNREACHABLE_CODE = YES;
				CLANG_WARN__DUPLICATE_METHOD_MATCH = YES;
				CODE_SIGN_STYLE = Automatic;
				COPY_PHASE_STRIP = NO;
				CURRENT_PROJECT_VERSION = 1;
				DEBUG_INFORMATION_FORMAT = "dwarf-with-dsym";
				ENABLE_NS_ASSERTIONS = NO;
				ENABLE_STRICT_OBJC_MSGSEND = YES;
				GCC_C_LANGUAGE_STANDARD = gnu11;
				GCC_NO_COMMON_BLOCKS = YES;
				GCC_WARN_64_TO_32_BIT_CONVERSION = YES;
				GCC_WARN_ABOUT_RETURN_TYPE = YES_ERROR;
				GCC_WARN_UNDECLARED_SELECTOR = YES;
				GCC_WARN_UNINITIALIZED_AUTOS = YES_AGGRESSIVE;
				GCC_WARN_UNUSED_FUNCTION = YES;
				GCC_WARN_UNUSED_VARIABLE = YES;
				GENERATE_INFOPLIST_FILE = YES;
				INFOPLIST_FILE = "Chat-Example/Info.plist";
				INFOPLIST_KEY_UIApplicationSupportsIndirectInputEvents = YES;
				INFOPLIST_KEY_UILaunchStoryboardName = LaunchScreen;
				INFOPLIST_KEY_UIMainStoryboardFile = Main;
				INFOPLIST_KEY_UISupportedInterfaceOrientations_iPad = "UIInterfaceOrientationPortrait UIInterfaceOrientationPortraitUpsideDown UIInterfaceOrientationLandscapeLeft UIInterfaceOrientationLandscapeRight";
				INFOPLIST_KEY_UISupportedInterfaceOrientations_iPhone = "UIInterfaceOrientationPortrait UIInterfaceOrientationLandscapeLeft UIInterfaceOrientationLandscapeRight";
				IPHONEOS_DEPLOYMENT_TARGET = 15.0;
				LD_RUNPATH_SEARCH_PATHS = (
					"$(inherited)",
					"@executable_path/Frameworks",
				);
				MARKETING_VERSION = 1.0;
				MTL_ENABLE_DEBUG_INFO = NO;
				MTL_FAST_MATH = YES;
				PRODUCT_BUNDLE_IDENTIFIER = "com.acme.Chat-Example";
				PRODUCT_NAME = "$(TARGET_NAME)";
				SDKROOT = iphoneos;
				SWIFT_COMPILATION_MODE = wholemodule;
				SWIFT_EMIT_LOC_STRINGS = YES;
				SWIFT_OPTIMIZATION_LEVEL = "-O";
				SWIFT_VERSION = 5.0;
				TARGETED_DEVICE_FAMILY = "1,2";
				VALIDATE_PRODUCT = YES;
			};
			name = Release;
		};
		A92525DE275A1DA500048D45 /* Debug */ = {
			isa = XCBuildConfiguration;
			buildSettings = {
			};
			name = Debug;
		};
		A92525DF275A1DA500048D45 /* Release */ = {
			isa = XCBuildConfiguration;
			buildSettings = {
			};
			name = Release;
		};
/* End XCBuildConfiguration section */

/* Begin XCConfigurationList section */
		A90151F6275A269100FB1020 /* Build configuration list for PBXNativeTarget "Basic-Example" */ = {
			isa = XCConfigurationList;
			buildConfigurations = (
				A90151F7275A269100FB1020 /* Debug */,
				A90151F8275A269100FB1020 /* Release */,
			);
			defaultConfigurationIsVisible = 0;
			defaultConfigurationName = Release;
		};
		A9015217275A28D800FB1020 /* Build configuration list for PBXNativeTarget "CallKit-Voip-Example" */ = {
			isa = XCConfigurationList;
			buildConfigurations = (
				A9015218275A28D800FB1020 /* Debug */,
				A9015219275A28D800FB1020 /* Release */,
			);
			defaultConfigurationIsVisible = 0;
			defaultConfigurationName = Release;
		};
		A901522F275A295100FB1020 /* Build configuration list for PBXNativeTarget "Chat-Example" */ = {
			isa = XCConfigurationList;
			buildConfigurations = (
				A9015230275A295100FB1020 /* Debug */,
				A9015231275A295100FB1020 /* Release */,
			);
			defaultConfigurationIsVisible = 0;
			defaultConfigurationName = Release;
		};
		A92525DD275A1DA500048D45 /* Build configuration list for PBXProject "KaleyraVideoExamples" */ = {
			isa = XCConfigurationList;
			buildConfigurations = (
				A92525DE275A1DA500048D45 /* Debug */,
				A92525DF275A1DA500048D45 /* Release */,
			);
			defaultConfigurationIsVisible = 0;
			defaultConfigurationName = Release;
		};
/* End XCConfigurationList section */
	};
	rootObject = A92525DA275A1DA500048D45 /* Project object */;
}
